// !$*UTF8*$!
{
	archiveVersion = 1;
	classes = {
	};
	objectVersion = 46;
	objects = {

/* Begin PBXBuildFile section */
		9C97517F1CC2ABE700A43C40 /* main.m in Sources */ = {isa = PBXBuildFile; fileRef = 9C97517E1CC2ABE700A43C40 /* main.m */; };
		9C9751821CC2ABE700A43C40 /* AppDelegate.m in Sources */ = {isa = PBXBuildFile; fileRef = 9C9751811CC2ABE700A43C40 /* AppDelegate.m */; };
		9C9751851CC2ABE700A43C40 /* MasterViewController.m in Sources */ = {isa = PBXBuildFile; fileRef = 9C9751841CC2ABE700A43C40 /* MasterViewController.m */; };
		9C9751881CC2ABE700A43C40 /* DetailViewController.m in Sources */ = {isa = PBXBuildFile; fileRef = 9C9751871CC2ABE700A43C40 /* DetailViewController.m */; };
		9C97518B1CC2ABE700A43C40 /* Main.storyboard in Resources */ = {isa = PBXBuildFile; fileRef = 9C9751891CC2ABE700A43C40 /* Main.storyboard */; };
		9C97518D1CC2ABE700A43C40 /* Assets.xcassets in Resources */ = {isa = PBXBuildFile; fileRef = 9C97518C1CC2ABE700A43C40 /* Assets.xcassets */; };
		9C9751901CC2ABE700A43C40 /* LaunchScreen.storyboard in Resources */ = {isa = PBXBuildFile; fileRef = 9C97518E1CC2ABE700A43C40 /* LaunchScreen.storyboard */; };
		9C97519B1CC2ABE700A43C40 /* markdownReaderTests.m in Sources */ = {isa = PBXBuildFile; fileRef = 9C97519A1CC2ABE700A43C40 /* markdownReaderTests.m */; };
		9C9751A61CC2ABE700A43C40 /* markdownReaderUITests.m in Sources */ = {isa = PBXBuildFile; fileRef = 9C9751A51CC2ABE700A43C40 /* markdownReaderUITests.m */; };
		9C9751B51CC2BF8100A43C40 /* MarkdownInterpreter.m in Sources */ = {isa = PBXBuildFile; fileRef = 9C9751B41CC2BF8100A43C40 /* MarkdownInterpreter.m */; };
		9C9751B61CC2BF8100A43C40 /* MarkdownInterpreter.m in Sources */ = {isa = PBXBuildFile; fileRef = 9C9751B41CC2BF8100A43C40 /* MarkdownInterpreter.m */; };
		9C9751B91CC2BFD100A43C40 /* marked.min.js in Resources */ = {isa = PBXBuildFile; fileRef = 9C9751B81CC2BFD100A43C40 /* marked.min.js */; };
		9C9751BA1CC2BFD100A43C40 /* marked.min.js in Resources */ = {isa = PBXBuildFile; fileRef = 9C9751B81CC2BFD100A43C40 /* marked.min.js */; };
/* End PBXBuildFile section */

/* Begin PBXContainerItemProxy section */
		9C9751971CC2ABE700A43C40 /* PBXContainerItemProxy */ = {
			isa = PBXContainerItemProxy;
			containerPortal = 9C9751721CC2ABE700A43C40 /* Project object */;
			proxyType = 1;
			remoteGlobalIDString = 9C9751791CC2ABE700A43C40;
			remoteInfo = markdownReader;
		};
		9C9751A21CC2ABE700A43C40 /* PBXContainerItemProxy */ = {
			isa = PBXContainerItemProxy;
			containerPortal = 9C9751721CC2ABE700A43C40 /* Project object */;
			proxyType = 1;
			remoteGlobalIDString = 9C9751791CC2ABE700A43C40;
			remoteInfo = markdownReader;
		};
/* End PBXContainerItemProxy section */

/* Begin PBXFileReference section */
		9C97517A1CC2ABE700A43C40 /* markdownReader.app */ = {isa = PBXFileReference; explicitFileType = wrapper.application; includeInIndex = 0; path = markdownReader.app; sourceTree = BUILT_PRODUCTS_DIR; };
		9C97517E1CC2ABE700A43C40 /* main.m */ = {isa = PBXFileReference; lastKnownFileType = sourcecode.c.objc; path = main.m; sourceTree = "<group>"; };
		9C9751801CC2ABE700A43C40 /* AppDelegate.h */ = {isa = PBXFileReference; lastKnownFileType = sourcecode.c.h; path = AppDelegate.h; sourceTree = "<group>"; };
		9C9751811CC2ABE700A43C40 /* AppDelegate.m */ = {isa = PBXFileReference; lastKnownFileType = sourcecode.c.objc; path = AppDelegate.m; sourceTree = "<group>"; };
		9C9751831CC2ABE700A43C40 /* MasterViewController.h */ = {isa = PBXFileReference; lastKnownFileType = sourcecode.c.h; path = MasterViewController.h; sourceTree = "<group>"; };
		9C9751841CC2ABE700A43C40 /* MasterViewController.m */ = {isa = PBXFileReference; lastKnownFileType = sourcecode.c.objc; path = MasterViewController.m; sourceTree = "<group>"; };
		9C9751861CC2ABE700A43C40 /* DetailViewController.h */ = {isa = PBXFileReference; lastKnownFileType = sourcecode.c.h; path = DetailViewController.h; sourceTree = "<group>"; };
		9C9751871CC2ABE700A43C40 /* DetailViewController.m */ = {isa = PBXFileReference; lastKnownFileType = sourcecode.c.objc; path = DetailViewController.m; sourceTree = "<group>"; };
		9C97518A1CC2ABE700A43C40 /* Base */ = {isa = PBXFileReference; lastKnownFileType = file.storyboard; name = Base; path = Base.lproj/Main.storyboard; sourceTree = "<group>"; };
		9C97518C1CC2ABE700A43C40 /* Assets.xcassets */ = {isa = PBXFileReference; lastKnownFileType = folder.assetcatalog; path = Assets.xcassets; sourceTree = "<group>"; };
		9C97518F1CC2ABE700A43C40 /* Base */ = {isa = PBXFileReference; lastKnownFileType = file.storyboard; name = Base; path = Base.lproj/LaunchScreen.storyboard; sourceTree = "<group>"; };
		9C9751911CC2ABE700A43C40 /* Info.plist */ = {isa = PBXFileReference; lastKnownFileType = text.plist.xml; path = Info.plist; sourceTree = "<group>"; };
		9C9751961CC2ABE700A43C40 /* markdownReaderTests.xctest */ = {isa = PBXFileReference; explicitFileType = wrapper.cfbundle; includeInIndex = 0; path = markdownReaderTests.xctest; sourceTree = BUILT_PRODUCTS_DIR; };
		9C97519A1CC2ABE700A43C40 /* markdownReaderTests.m */ = {isa = PBXFileReference; lastKnownFileType = sourcecode.c.objc; path = markdownReaderTests.m; sourceTree = "<group>"; };
		9C97519C1CC2ABE700A43C40 /* Info.plist */ = {isa = PBXFileReference; lastKnownFileType = text.plist.xml; path = Info.plist; sourceTree = "<group>"; };
		9C9751A11CC2ABE700A43C40 /* markdownReaderUITests.xctest */ = {isa = PBXFileReference; explicitFileType = wrapper.cfbundle; includeInIndex = 0; path = markdownReaderUITests.xctest; sourceTree = BUILT_PRODUCTS_DIR; };
		9C9751A51CC2ABE700A43C40 /* markdownReaderUITests.m */ = {isa = PBXFileReference; lastKnownFileType = sourcecode.c.objc; path = markdownReaderUITests.m; sourceTree = "<group>"; };
		9C9751A71CC2ABE700A43C40 /* Info.plist */ = {isa = PBXFileReference; lastKnownFileType = text.plist.xml; path = Info.plist; sourceTree = "<group>"; };
		9C9751B31CC2BF8100A43C40 /* MarkdownInterpreter.h */ = {isa = PBXFileReference; fileEncoding = 4; lastKnownFileType = sourcecode.c.h; path = MarkdownInterpreter.h; sourceTree = "<group>"; };
		9C9751B41CC2BF8100A43C40 /* MarkdownInterpreter.m */ = {isa = PBXFileReference; fileEncoding = 4; lastKnownFileType = sourcecode.c.objc; path = MarkdownInterpreter.m; sourceTree = "<group>"; };
		9C9751B81CC2BFD100A43C40 /* marked.min.js */ = {isa = PBXFileReference; fileEncoding = 4; lastKnownFileType = sourcecode.javascript; name = marked.min.js; path = ../../marked/marked.min.js; sourceTree = "<group>"; };
/* End PBXFileReference section */

/* Begin PBXFrameworksBuildPhase section */
		9C9751771CC2ABE700A43C40 /* Frameworks */ = {
			isa = PBXFrameworksBuildPhase;
			buildActionMask = 2147483647;
			files = (
			);
			runOnlyForDeploymentPostprocessing = 0;
		};
		9C9751931CC2ABE700A43C40 /* Frameworks */ = {
			isa = PBXFrameworksBuildPhase;
			buildActionMask = 2147483647;
			files = (
			);
			runOnlyForDeploymentPostprocessing = 0;
		};
		9C97519E1CC2ABE700A43C40 /* Frameworks */ = {
			isa = PBXFrameworksBuildPhase;
			buildActionMask = 2147483647;
			files = (
			);
			runOnlyForDeploymentPostprocessing = 0;
		};
/* End PBXFrameworksBuildPhase section */

/* Begin PBXGroup section */
		9C9751711CC2ABE700A43C40 = {
			isa = PBXGroup;
			children = (
				9C97517C1CC2ABE700A43C40 /* markdownReader */,
				9C9751991CC2ABE700A43C40 /* markdownReaderTests */,
				9C9751A41CC2ABE700A43C40 /* markdownReaderUITests */,
				9C97517B1CC2ABE700A43C40 /* Products */,
			);
			sourceTree = "<group>";
		};
		9C97517B1CC2ABE700A43C40 /* Products */ = {
			isa = PBXGroup;
			children = (
				9C97517A1CC2ABE700A43C40 /* markdownReader.app */,
				9C9751961CC2ABE700A43C40 /* markdownReaderTests.xctest */,
				9C9751A11CC2ABE700A43C40 /* markdownReaderUITests.xctest */,
			);
			name = Products;
			sourceTree = "<group>";
		};
		9C97517C1CC2ABE700A43C40 /* markdownReader */ = {
			isa = PBXGroup;
			children = (
				9C9751801CC2ABE700A43C40 /* AppDelegate.h */,
				9C9751811CC2ABE700A43C40 /* AppDelegate.m */,
				9C9751831CC2ABE700A43C40 /* MasterViewController.h */,
				9C9751841CC2ABE700A43C40 /* MasterViewController.m */,
				9C9751861CC2ABE700A43C40 /* DetailViewController.h */,
				9C9751871CC2ABE700A43C40 /* DetailViewController.m */,
				9C9751891CC2ABE700A43C40 /* Main.storyboard */,
				9C97518C1CC2ABE700A43C40 /* Assets.xcassets */,
				9C97518E1CC2ABE700A43C40 /* LaunchScreen.storyboard */,
				9C9751911CC2ABE700A43C40 /* Info.plist */,
				9C97517D1CC2ABE700A43C40 /* Supporting Files */,
				9C9751B31CC2BF8100A43C40 /* MarkdownInterpreter.h */,
				9C9751B41CC2BF8100A43C40 /* MarkdownInterpreter.m */,
			);
			path = markdownReader;
			sourceTree = "<group>";
		};
		9C97517D1CC2ABE700A43C40 /* Supporting Files */ = {
			isa = PBXGroup;
			children = (
				9C9751B71CC2BFB200A43C40 /* Resources */,
				9C97517E1CC2ABE700A43C40 /* main.m */,
			);
			name = "Supporting Files";
			sourceTree = "<group>";
		};
		9C9751991CC2ABE700A43C40 /* markdownReaderTests */ = {
			isa = PBXGroup;
			children = (
				9C97519A1CC2ABE700A43C40 /* markdownReaderTests.m */,
				9C97519C1CC2ABE700A43C40 /* Info.plist */,
			);
			path = markdownReaderTests;
			sourceTree = "<group>";
		};
		9C9751A41CC2ABE700A43C40 /* markdownReaderUITests */ = {
			isa = PBXGroup;
			children = (
				9C9751A51CC2ABE700A43C40 /* markdownReaderUITests.m */,
				9C9751A71CC2ABE700A43C40 /* Info.plist */,
			);
			path = markdownReaderUITests;
			sourceTree = "<group>";
		};
		9C9751B71CC2BFB200A43C40 /* Resources */ = {
			isa = PBXGroup;
			children = (
				9C9751B81CC2BFD100A43C40 /* marked.min.js */,
			);
			name = Resources;
			sourceTree = "<group>";
		};
/* End PBXGroup section */

/* Begin PBXNativeTarget section */
		9C9751791CC2ABE700A43C40 /* markdownReader */ = {
			isa = PBXNativeTarget;
			buildConfigurationList = 9C9751AA1CC2ABE700A43C40 /* Build configuration list for PBXNativeTarget "markdownReader" */;
			buildPhases = (
				9C9751761CC2ABE700A43C40 /* Sources */,
				9C9751771CC2ABE700A43C40 /* Frameworks */,
				9C9751781CC2ABE700A43C40 /* Resources */,
			);
			buildRules = (
			);
			dependencies = (
			);
			name = markdownReader;
			productName = markdownReader;
			productReference = 9C97517A1CC2ABE700A43C40 /* markdownReader.app */;
			productType = "com.apple.product-type.application";
		};
		9C9751951CC2ABE700A43C40 /* markdownReaderTests */ = {
			isa = PBXNativeTarget;
			buildConfigurationList = 9C9751AD1CC2ABE700A43C40 /* Build configuration list for PBXNativeTarget "markdownReaderTests" */;
			buildPhases = (
				9C9751921CC2ABE700A43C40 /* Sources */,
				9C9751931CC2ABE700A43C40 /* Frameworks */,
				9C9751941CC2ABE700A43C40 /* Resources */,
			);
			buildRules = (
			);
			dependencies = (
				9C9751981CC2ABE700A43C40 /* PBXTargetDependency */,
			);
			name = markdownReaderTests;
			productName = markdownReaderTests;
			productReference = 9C9751961CC2ABE700A43C40 /* markdownReaderTests.xctest */;
			productType = "com.apple.product-type.bundle.unit-test";
		};
		9C9751A01CC2ABE700A43C40 /* markdownReaderUITests */ = {
			isa = PBXNativeTarget;
			buildConfigurationList = 9C9751B01CC2ABE700A43C40 /* Build configuration list for PBXNativeTarget "markdownReaderUITests" */;
			buildPhases = (
				9C97519D1CC2ABE700A43C40 /* Sources */,
				9C97519E1CC2ABE700A43C40 /* Frameworks */,
				9C97519F1CC2ABE700A43C40 /* Resources */,
			);
			buildRules = (
			);
			dependencies = (
				9C9751A31CC2ABE700A43C40 /* PBXTargetDependency */,
			);
			name = markdownReaderUITests;
			productName = markdownReaderUITests;
			productReference = 9C9751A11CC2ABE700A43C40 /* markdownReaderUITests.xctest */;
			productType = "com.apple.product-type.bundle.ui-testing";
		};
/* End PBXNativeTarget section */

/* Begin PBXProject section */
		9C9751721CC2ABE700A43C40 /* Project object */ = {
			isa = PBXProject;
			attributes = {
				LastUpgradeCheck = 0730;
				ORGANIZATIONNAME = "Robert Diamond";
				TargetAttributes = {
					9C9751791CC2ABE700A43C40 = {
						CreatedOnToolsVersion = 7.3;
						DevelopmentTeam = QVSQY52MWK;
					};
					9C9751951CC2ABE700A43C40 = {
						CreatedOnToolsVersion = 7.3;
						TestTargetID = 9C9751791CC2ABE700A43C40;
					};
					9C9751A01CC2ABE700A43C40 = {
						CreatedOnToolsVersion = 7.3;
						TestTargetID = 9C9751791CC2ABE700A43C40;
					};
				};
			};
			buildConfigurationList = 9C9751751CC2ABE700A43C40 /* Build configuration list for PBXProject "markdownReader" */;
			compatibilityVersion = "Xcode 3.2";
			developmentRegion = English;
			hasScannedForEncodings = 0;
			knownRegions = (
				en,
				Base,
			);
			mainGroup = 9C9751711CC2ABE700A43C40;
			productRefGroup = 9C97517B1CC2ABE700A43C40 /* Products */;
			projectDirPath = "";
			projectRoot = "";
			targets = (
				9C9751791CC2ABE700A43C40 /* markdownReader */,
				9C9751951CC2ABE700A43C40 /* markdownReaderTests */,
				9C9751A01CC2ABE700A43C40 /* markdownReaderUITests */,
			);
		};
/* End PBXProject section */

/* Begin PBXResourcesBuildPhase section */
		9C9751781CC2ABE700A43C40 /* Resources */ = {
			isa = PBXResourcesBuildPhase;
			buildActionMask = 2147483647;
			files = (
				9C9751901CC2ABE700A43C40 /* LaunchScreen.storyboard in Resources */,
				9C97518D1CC2ABE700A43C40 /* Assets.xcassets in Resources */,
				9C9751B91CC2BFD100A43C40 /* marked.min.js in Resources */,
				9C97518B1CC2ABE700A43C40 /* Main.storyboard in Resources */,
			);
			runOnlyForDeploymentPostprocessing = 0;
		};
		9C9751941CC2ABE700A43C40 /* Resources */ = {
			isa = PBXResourcesBuildPhase;
			buildActionMask = 2147483647;
			files = (
				9C9751BA1CC2BFD100A43C40 /* marked.min.js in Resources */,
			);
			runOnlyForDeploymentPostprocessing = 0;
		};
		9C97519F1CC2ABE700A43C40 /* Resources */ = {
			isa = PBXResourcesBuildPhase;
			buildActionMask = 2147483647;
			files = (
			);
			runOnlyForDeploymentPostprocessing = 0;
		};
/* End PBXResourcesBuildPhase section */

/* Begin PBXSourcesBuildPhase section */
		9C9751761CC2ABE700A43C40 /* Sources */ = {
			isa = PBXSourcesBuildPhase;
			buildActionMask = 2147483647;
			files = (
				9C9751B51CC2BF8100A43C40 /* MarkdownInterpreter.m in Sources */,
				9C9751821CC2ABE700A43C40 /* AppDelegate.m in Sources */,
				9C9751851CC2ABE700A43C40 /* MasterViewController.m in Sources */,
				9C97517F1CC2ABE700A43C40 /* main.m in Sources */,
				9C9751881CC2ABE700A43C40 /* DetailViewController.m in Sources */,
			);
			runOnlyForDeploymentPostprocessing = 0;
		};
		9C9751921CC2ABE700A43C40 /* Sources */ = {
			isa = PBXSourcesBuildPhase;
			buildActionMask = 2147483647;
			files = (
				9C97519B1CC2ABE700A43C40 /* markdownReaderTests.m in Sources */,
				9C9751B61CC2BF8100A43C40 /* MarkdownInterpreter.m in Sources */,
			);
			runOnlyForDeploymentPostprocessing = 0;
		};
		9C97519D1CC2ABE700A43C40 /* Sources */ = {
			isa = PBXSourcesBuildPhase;
			buildActionMask = 2147483647;
			files = (
				9C9751A61CC2ABE700A43C40 /* markdownReaderUITests.m in Sources */,
			);
			runOnlyForDeploymentPostprocessing = 0;
		};
/* End PBXSourcesBuildPhase section */

/* Begin PBXTargetDependency section */
		9C9751981CC2ABE700A43C40 /* PBXTargetDependency */ = {
			isa = PBXTargetDependency;
			target = 9C9751791CC2ABE700A43C40 /* markdownReader */;
			targetProxy = 9C9751971CC2ABE700A43C40 /* PBXContainerItemProxy */;
		};
		9C9751A31CC2ABE700A43C40 /* PBXTargetDependency */ = {
			isa = PBXTargetDependency;
			target = 9C9751791CC2ABE700A43C40 /* markdownReader */;
			targetProxy = 9C9751A21CC2ABE700A43C40 /* PBXContainerItemProxy */;
		};
/* End PBXTargetDependency section */

/* Begin PBXVariantGroup section */
		9C9751891CC2ABE700A43C40 /* Main.storyboard */ = {
			isa = PBXVariantGroup;
			children = (
				9C97518A1CC2ABE700A43C40 /* Base */,
			);
			name = Main.storyboard;
			sourceTree = "<group>";
		};
		9C97518E1CC2ABE700A43C40 /* LaunchScreen.storyboard */ = {
			isa = PBXVariantGroup;
			children = (
				9C97518F1CC2ABE700A43C40 /* Base */,
			);
			name = LaunchScreen.storyboard;
			sourceTree = "<group>";
		};
/* End PBXVariantGroup section */

/* Begin XCBuildConfiguration section */
		9C9751A81CC2ABE700A43C40 /* Debug */ = {
			isa = XCBuildConfiguration;
			buildSettings = {
				ALWAYS_SEARCH_USER_PATHS = NO;
				CLANG_ANALYZER_NONNULL = YES;
				CLANG_CXX_LANGUAGE_STANDARD = "gnu++0x";
				CLANG_CXX_LIBRARY = "libc++";
				CLANG_ENABLE_MODULES = YES;
				CLANG_ENABLE_OBJC_ARC = YES;
				CLANG_WARN_BOOL_CONVERSION = YES;
				CLANG_WARN_CONSTANT_CONVERSION = YES;
				CLANG_WARN_DIRECT_OBJC_ISA_USAGE = YES_ERROR;
				CLANG_WARN_EMPTY_BODY = YES;
				CLANG_WARN_ENUM_CONVERSION = YES;
				CLANG_WARN_INT_CONVERSION = YES;
				CLANG_WARN_OBJC_ROOT_CLASS = YES_ERROR;
				CLANG_WARN_UNREACHABLE_CODE = YES;
				CLANG_WARN__DUPLICATE_METHOD_MATCH = YES;
				"CODE_SIGN_IDENTITY[sdk=iphoneos*]" = "iPhone Developer";
				COPY_PHASE_STRIP = NO;
				DEBUG_INFORMATION_FORMAT = dwarf;
				ENABLE_STRICT_OBJC_MSGSEND = YES;
				ENABLE_TESTABILITY = YES;
				GCC_C_LANGUAGE_STANDARD = gnu99;
				GCC_DYNAMIC_NO_PIC = NO;
				GCC_NO_COMMON_BLOCKS = YES;
				GCC_OPTIMIZATION_LEVEL = 0;
				GCC_PREPROCESSOR_DEFINITIONS = (
					"DEBUG=1",
					"$(inherited)",
				);
				GCC_WARN_64_TO_32_BIT_CONVERSION = YES;
				GCC_WARN_ABOUT_RETURN_TYPE = YES_ERROR;
				GCC_WARN_UNDECLARED_SELECTOR = YES;
				GCC_WARN_UNINITIALIZED_AUTOS = YES_AGGRESSIVE;
				GCC_WARN_UNUSED_FUNCTION = YES;
				GCC_WARN_UNUSED_VARIABLE = YES;
				IPHONEOS_DEPLOYMENT_TARGET = 9.0;
				MTL_ENABLE_DEBUG_INFO = YES;
				ONLY_ACTIVE_ARCH = YES;
				SDKROOT = iphoneos;
				TARGETED_DEVICE_FAMILY = "1,2";
			};
			name = Debug;
		};
		9C9751A91CC2ABE700A43C40 /* Release */ = {
			isa = XCBuildConfiguration;
			buildSettings = {
				ALWAYS_SEARCH_USER_PATHS = NO;
				CLANG_ANALYZER_NONNULL = YES;
				CLANG_CXX_LANGUAGE_STANDARD = "gnu++0x";
				CLANG_CXX_LIBRARY = "libc++";
				CLANG_ENABLE_MODULES = YES;
				CLANG_ENABLE_OBJC_ARC = YES;
				CLANG_WARN_BOOL_CONVERSION = YES;
				CLANG_WARN_CONSTANT_CONVERSION = YES;
				CLANG_WARN_DIRECT_OBJC_ISA_USAGE = YES_ERROR;
				CLANG_WARN_EMPTY_BODY = YES;
				CLANG_WARN_ENUM_CONVERSION = YES;
				CLANG_WARN_INT_CONVERSION = YES;
				CLANG_WARN_OBJC_ROOT_CLASS = YES_ERROR;
				CLANG_WARN_UNREACHABLE_CODE = YES;
				CLANG_WARN__DUPLICATE_METHOD_MATCH = YES;
				"CODE_SIGN_IDENTITY[sdk=iphoneos*]" = "iPhone Developer";
				COPY_PHASE_STRIP = NO;
				DEBUG_INFORMATION_FORMAT = "dwarf-with-dsym";
				ENABLE_NS_ASSERTIONS = NO;
				ENABLE_STRICT_OBJC_MSGSEND = YES;
				GCC_C_LANGUAGE_STANDARD = gnu99;
				GCC_NO_COMMON_BLOCKS = YES;
				GCC_WARN_64_TO_32_BIT_CONVERSION = YES;
				GCC_WARN_ABOUT_RETURN_TYPE = YES_ERROR;
				GCC_WARN_UNDECLARED_SELECTOR = YES;
				GCC_WARN_UNINITIALIZED_AUTOS = YES_AGGRESSIVE;
				GCC_WARN_UNUSED_FUNCTION = YES;
				GCC_WARN_UNUSED_VARIABLE = YES;
				IPHONEOS_DEPLOYMENT_TARGET = 9.0;
				MTL_ENABLE_DEBUG_INFO = NO;
				SDKROOT = iphoneos;
				TARGETED_DEVICE_FAMILY = "1,2";
				VALIDATE_PRODUCT = YES;
			};
			name = Release;
		};
		9C9751AB1CC2ABE700A43C40 /* Debug */ = {
			isa = XCBuildConfiguration;
			buildSettings = {
				ASSETCATALOG_COMPILER_APPICON_NAME = AppIcon;
				CODE_SIGN_IDENTITY = "iPhone Developer";
				"CODE_SIGN_IDENTITY[sdk=iphoneos*]" = "iPhone Developer";
				INFOPLIST_FILE = markdownReader/Info.plist;
				LD_RUNPATH_SEARCH_PATHS = "$(inherited) @executable_path/Frameworks";
				PRODUCT_BUNDLE_IDENTIFIER = com.robertdiamond.markdownReader;
				PRODUCT_NAME = "$(TARGET_NAME)";
				PROVISIONING_PROFILE = "";
			};
			name = Debug;
		};
		9C9751AC1CC2ABE700A43C40 /* Release */ = {
			isa = XCBuildConfiguration;
			buildSettings = {
				ASSETCATALOG_COMPILER_APPICON_NAME = AppIcon;
				CODE_SIGN_IDENTITY = "iPhone Developer";
				"CODE_SIGN_IDENTITY[sdk=iphoneos*]" = "iPhone Developer";
				INFOPLIST_FILE = markdownReader/Info.plist;
				LD_RUNPATH_SEARCH_PATHS = "$(inherited) @executable_path/Frameworks";
				PRODUCT_BUNDLE_IDENTIFIER = com.robertdiamond.markdownReader;
				PRODUCT_NAME = "$(TARGET_NAME)";
				PROVISIONING_PROFILE = "";
			};
			name = Release;
		};
		9C9751AE1CC2ABE700A43C40 /* Debug */ = {
			isa = XCBuildConfiguration;
			buildSettings = {
				BUNDLE_LOADER = "$(TEST_HOST)";
				INFOPLIST_FILE = markdownReaderTests/Info.plist;
				LD_RUNPATH_SEARCH_PATHS = "$(inherited) @executable_path/Frameworks @loader_path/Frameworks";
				PRODUCT_BUNDLE_IDENTIFIER = com.robertdiamond.markdownReaderTests;
				PRODUCT_NAME = "$(TARGET_NAME)";
				TEST_HOST = "$(BUILT_PRODUCTS_DIR)/markdownReader.app/markdownReader";
			};
			name = Debug;
		};
		9C9751AF1CC2ABE700A43C40 /* Release */ = {
			isa = XCBuildConfiguration;
			buildSettings = {
				BUNDLE_LOADER = "$(TEST_HOST)";
				INFOPLIST_FILE = markdownReaderTests/Info.plist;
				LD_RUNPATH_SEARCH_PATHS = "$(inherited) @executable_path/Frameworks @loader_path/Frameworks";
				PRODUCT_BUNDLE_IDENTIFIER = com.robertdiamond.markdownReaderTests;
				PRODUCT_NAME = "$(TARGET_NAME)";
				TEST_HOST = "$(BUILT_PRODUCTS_DIR)/markdownReader.app/markdownReader";
			};
			name = Release;
		};
		9C9751B11CC2ABE700A43C40 /* Debug */ = {
			isa = XCBuildConfiguration;
			buildSettings = {
				INFOPLIST_FILE = markdownReaderUITests/Info.plist;
				LD_RUNPATH_SEARCH_PATHS = "$(inherited) @executable_path/Frameworks @loader_path/Frameworks";
				PRODUCT_BUNDLE_IDENTIFIER = com.robertdiamond.markdownReaderUITests;
				PRODUCT_NAME = "$(TARGET_NAME)";
				TEST_TARGET_NAME = markdownReader;
			};
			name = Debug;
		};
		9C9751B21CC2ABE700A43C40 /* Release */ = {
			isa = XCBuildConfiguration;
			buildSettings = {
				INFOPLIST_FILE = markdownReaderUITests/Info.plist;
				LD_RUNPATH_SEARCH_PATHS = "$(inherited) @executable_path/Frameworks @loader_path/Frameworks";
				PRODUCT_BUNDLE_IDENTIFIER = com.robertdiamond.markdownReaderUITests;
				PRODUCT_NAME = "$(TARGET_NAME)";
				TEST_TARGET_NAME = markdownReader;
			};
			name = Release;
		};
/* End XCBuildConfiguration section */

/* Begin XCConfigurationList section */
		9C9751751CC2ABE700A43C40 /* Build configuration list for PBXProject "markdownReader" */ = {
			isa = XCConfigurationList;
			buildConfigurations = (
				9C9751A81CC2ABE700A43C40 /* Debug */,
				9C9751A91CC2ABE700A43C40 /* Release */,
			);
			defaultConfigurationIsVisible = 0;
			defaultConfigurationName = Release;
		};
		9C9751AA1CC2ABE700A43C40 /* Build configuration list for PBXNativeTarget "markdownReader" */ = {
			isa = XCConfigurationList;
			buildConfigurations = (
				9C9751AB1CC2ABE700A43C40 /* Debug */,
				9C9751AC1CC2ABE700A43C40 /* Release */,
			);
			defaultConfigurationIsVisible = 0;
		};
		9C9751AD1CC2ABE700A43C40 /* Build configuration list for PBXNativeTarget "markdownReaderTests" */ = {
			isa = XCConfigurationList;
			buildConfigurations = (
				9C9751AE1CC2ABE700A43C40 /* Debug */,
				9C9751AF1CC2ABE700A43C40 /* Release */,
			);
			defaultConfigurationIsVisible = 0;
		};
		9C9751B01CC2ABE700A43C40 /* Build configuration list for PBXNativeTarget "markdownReaderUITests" */ = {
			isa = XCConfigurationList;
			buildConfigurations = (
				9C9751B11CC2ABE700A43C40 /* Debug */,
				9C9751B21CC2ABE700A43C40 /* Release */,
			);
			defaultConfigurationIsVisible = 0;
		};
/* End XCConfigurationList section */
	};
	rootObject = 9C9751721CC2ABE700A43C40 /* Project object */;
}
